
Microsoft Visual Studio Solution File, Format Version 12.00
# Visual Studio Version 17
VisualStudioVersion = 17.1.32414.318
MinimumVisualStudioVersion = 10.0.40219.1
Project("{FAE04EC0-301F-11D3-BF4B-00C04F79EFBC}") = "ElevenNoteWebApp.Server", "ElevenNoteWebApp\Server\ElevenNoteWebApp.Server.csproj", "{40229D38-7D03-48FC-A701-12CC71E525EE}"
EndProject
Project("{FAE04EC0-301F-11D3-BF4B-00C04F79EFBC}") = "ElevenNoteWebApp.Client", "ElevenNoteWebApp\Client\ElevenNoteWebApp.Client.csproj", "{81E3C7C5-C968-48C9-9F95-EA1EF7013F9F}"
EndProject
Project("{FAE04EC0-301F-11D3-BF4B-00C04F79EFBC}") = "ElevenNoteWebApp.Shared", "ElevenNoteWebApp\Shared\ElevenNoteWebApp.Shared.csproj", "{F75897D7-4158-4F88-8680-7DDCC6FD873F}"
EndProject
Global
	GlobalSection(SolutionConfigurationPlatforms) = preSolution
		Debug|Any CPU = Debug|Any CPU
		Release|Any CPU = Release|Any CPU
	EndGlobalSection
	GlobalSection(ProjectConfigurationPlatforms) = postSolution
		{40229D38-7D03-48FC-A701-12CC71E525EE}.Debug|Any CPU.ActiveCfg = Debug|Any CPU
		{40229D38-7D03-48FC-A701-12CC71E525EE}.Debug|Any CPU.Build.0 = Debug|Any CPU
		{40229D38-7D03-48FC-A701-12CC71E525EE}.Release|Any CPU.ActiveCfg = Release|Any CPU
		{40229D38-7D03-48FC-A701-12CC71E525EE}.Release|Any CPU.Build.0 = Release|Any CPU
		{81E3C7C5-C968-48C9-9F95-EA1EF7013F9F}.Debug|Any CPU.ActiveCfg = Debug|Any CPU
		{81E3C7C5-C968-48C9-9F95-EA1EF7013F9F}.Debug|Any CPU.Build.0 = Debug|Any CPU
		{81E3C7C5-C968-48C9-9F95-EA1EF7013F9F}.Release|Any CPU.ActiveCfg = Release|Any CPU
		{81E3C7C5-C968-48C9-9F95-EA1EF7013F9F}.Release|Any CPU.Build.0 = Release|Any CPU
		{F75897D7-4158-4F88-8680-7DDCC6FD873F}.Debug|Any CPU.ActiveCfg = Debug|Any CPU
		{F75897D7-4158-4F88-8680-7DDCC6FD873F}.Debug|Any CPU.Build.0 = Debug|Any CPU
		{F75897D7-4158-4F88-8680-7DDCC6FD873F}.Release|Any CPU.ActiveCfg = Release|Any CPU
		{F75897D7-4158-4F88-8680-7DDCC6FD873F}.Release|Any CPU.Build.0 = Release|Any CPU
	EndGlobalSection
	GlobalSection(SolutionProperties) = preSolution
		HideSolutionNode = FALSE
	EndGlobalSection
	GlobalSection(ExtensibilityGlobals) = postSolution
		SolutionGuid = {067552C7-ADA5-4910-BF82-19DF171A34C2}
	EndGlobalSection
EndGlobal
